
Microsoft Visual Studio Solution File, Format Version 12.00
# Visual Studio Version 17
VisualStudioVersion = 17.10.35122.118
MinimumVisualStudioVersion = 10.0.40219.1
Project("{FAE04EC0-301F-11D3-BF4B-00C04F79EFBC}") = "AirTicketReservationSystem", "AirTicketReservationSystem\AirTicketReservationSystem.csproj", "{9FFBB79B-90EA-4393-B101-F2C98712E6C0}"
EndProject
Global
	GlobalSection(SolutionConfigurationPlatforms) = preSolution
		Debug|Any CPU = Debug|Any CPU
		Release|Any CPU = Release|Any CPU
	EndGlobalSection
	GlobalSection(ProjectConfigurationPlatforms) = postSolution
		{9FFBB79B-90EA-4393-B101-F2C98712E6C0}.Debug|Any CPU.ActiveCfg = Debug|Any CPU
		{9FFBB79B-90EA-4393-B101-F2C98712E6C0}.Debug|Any CPU.Build.0 = Debug|Any CPU
		{9FFBB79B-90EA-4393-B101-F2C98712E6C0}.Release|Any CPU.ActiveCfg = Release|Any CPU
		{9FFBB79B-90EA-4393-B101-F2C98712E6C0}.Release|Any CPU.Build.0 = Release|Any CPU
	EndGlobalSection
	GlobalSection(SolutionProperties) = preSolution
		HideSolutionNode = FALSE
	EndGlobalSection
	GlobalSection(ExtensibilityGlobals) = postSolution
		SolutionGuid = {B00F1F7D-7FE8-4050-AEEE-211A99DDF924}
	EndGlobalSection
EndGlobal
